
Microsoft Visual Studio Solution File, Format Version 12.00
# Visual Studio 15
VisualStudioVersion = 15.0.28307.168
MinimumVisualStudioVersion = 10.0.40219.1
Project("{9A19103F-16F7-4668-BE54-9A1E7A4F7556}") = "LZStringNet", "LZStringNet\LZStringNet.csproj", "{C2D712DB-49B0-4838-8572-A5A52F1AEDDA}"
EndProject
Project("{F2A71F9B-5D33-465A-A702-920D77279786}") = "UnitTests", "UnitTests\UnitTests.fsproj", "{52D5AD3B-0608-4889-AEFE-AFC0F71308EA}"
EndProject
Global
	GlobalSection(SolutionConfigurationPlatforms) = preSolution
		Debug|Any CPU = Debug|Any CPU
		Release|Any CPU = Release|Any CPU
	EndGlobalSection
	GlobalSection(ProjectConfigurationPlatforms) = postSolution
		{C2D712DB-49B0-4838-8572-A5A52F1AEDDA}.Debug|Any CPU.ActiveCfg = Debug|Any CPU
		{C2D712DB-49B0-4838-8572-A5A52F1AEDDA}.Debug|Any CPU.Build.0 = Debug|Any CPU
		{C2D712DB-49B0-4838-8572-A5A52F1AEDDA}.Release|Any CPU.ActiveCfg = Release|Any CPU
		{C2D712DB-49B0-4838-8572-A5A52F1AEDDA}.Release|Any CPU.Build.0 = Release|Any CPU
		{52D5AD3B-0608-4889-AEFE-AFC0F71308EA}.Debug|Any CPU.ActiveCfg = Debug|Any CPU
		{52D5AD3B-0608-4889-AEFE-AFC0F71308EA}.Debug|Any CPU.Build.0 = Debug|Any CPU
		{52D5AD3B-0608-4889-AEFE-AFC0F71308EA}.Release|Any CPU.ActiveCfg = Release|Any CPU
		{52D5AD3B-0608-4889-AEFE-AFC0F71308EA}.Release|Any CPU.Build.0 = Release|Any CPU
	EndGlobalSection
	GlobalSection(SolutionProperties) = preSolution
		HideSolutionNode = FALSE
	EndGlobalSection
	GlobalSection(ExtensibilityGlobals) = postSolution
		SolutionGuid = {E5E74130-7E32-4E83-AB4A-8BF7F059B81F}
	EndGlobalSection
EndGlobal
